// !$*UTF8*$!
{
	archiveVersion = 1;
	classes = {
	};
	objectVersion = 46;
	objects = {

/* Begin PBXBuildFile section */
		67034EDD1B98DF5A00E41C4F /* ZoomLayout.swift in Sources */ = {isa = PBXBuildFile; fileRef = 67034EDC1B98DF5A00E41C4F /* ZoomLayout.swift */; };
		67034EDF1B98F11B00E41C4F /* ImageViewController.swift in Sources */ = {isa = PBXBuildFile; fileRef = 67034EDE1B98F11B00E41C4F /* ImageViewController.swift */; };
		673581AA1B977E640095815A /* AppDelegate.swift in Sources */ = {isa = PBXBuildFile; fileRef = 673581A91B977E640095815A /* AppDelegate.swift */; };
		673581AF1B977E640095815A /* Main.storyboard in Resources */ = {isa = PBXBuildFile; fileRef = 673581AD1B977E640095815A /* Main.storyboard */; };
		673581B11B977E640095815A /* Assets.xcassets in Resources */ = {isa = PBXBuildFile; fileRef = 673581B01B977E640095815A /* Assets.xcassets */; };
		673581B41B977E640095815A /* LaunchScreen.storyboard in Resources */ = {isa = PBXBuildFile; fileRef = 673581B21B977E640095815A /* LaunchScreen.storyboard */; };
		673581BC1B977EC80095815A /* Kittens.swift in Sources */ = {isa = PBXBuildFile; fileRef = 673581BB1B977EC80095815A /* Kittens.swift */; };
		673581C21B9796A70095815A /* KittensCollectionViewController.swift in Sources */ = {isa = PBXBuildFile; fileRef = 673581C11B9796A70095815A /* KittensCollectionViewController.swift */; };
		679D0B681B97B694008824B8 /* KittenImageCell.swift in Sources */ = {isa = PBXBuildFile; fileRef = 679D0B671B97B694008824B8 /* KittenImageCell.swift */; };
/* End PBXBuildFile section */

/* Begin PBXFileReference section */
		67034EDC1B98DF5A00E41C4F /* ZoomLayout.swift */ = {isa = PBXFileReference; fileEncoding = 4; lastKnownFileType = sourcecode.swift; path = ZoomLayout.swift; sourceTree = "<group>"; };
		67034EDE1B98F11B00E41C4F /* ImageViewController.swift */ = {isa = PBXFileReference; fileEncoding = 4; lastKnownFileType = sourcecode.swift; path = ImageViewController.swift; sourceTree = "<group>"; };
		673581A61B977E640095815A /* FetchingKittens.app */ = {isa = PBXFileReference; explicitFileType = wrapper.application; includeInIndex = 0; path = FetchingKittens.app; sourceTree = BUILT_PRODUCTS_DIR; };
		673581A91B977E640095815A /* AppDelegate.swift */ = {isa = PBXFileReference; lastKnownFileType = sourcecode.swift; path = AppDelegate.swift; sourceTree = "<group>"; };
		673581AE1B977E640095815A /* Base */ = {isa = PBXFileReference; lastKnownFileType = file.storyboard; name = Base; path = Base.lproj/Main.storyboard; sourceTree = "<group>"; };
		673581B01B977E640095815A /* Assets.xcassets */ = {isa = PBXFileReference; lastKnownFileType = folder.assetcatalog; path = Assets.xcassets; sourceTree = "<group>"; };
		673581B31B977E640095815A /* Base */ = {isa = PBXFileReference; lastKnownFileType = file.storyboard; name = Base; path = Base.lproj/LaunchScreen.storyboard; sourceTree = "<group>"; };
		673581B51B977E640095815A /* Info.plist */ = {isa = PBXFileReference; lastKnownFileType = text.plist.xml; path = Info.plist; sourceTree = "<group>"; };
		673581BB1B977EC80095815A /* Kittens.swift */ = {isa = PBXFileReference; fileEncoding = 4; lastKnownFileType = sourcecode.swift; path = Kittens.swift; sourceTree = "<group>"; };
		673581C11B9796A70095815A /* KittensCollectionViewController.swift */ = {isa = PBXFileReference; fileEncoding = 4; lastKnownFileType = sourcecode.swift; path = KittensCollectionViewController.swift; sourceTree = "<group>"; };
		679D0B671B97B694008824B8 /* KittenImageCell.swift */ = {isa = PBXFileReference; fileEncoding = 4; lastKnownFileType = sourcecode.swift; path = KittenImageCell.swift; sourceTree = "<group>"; };
/* End PBXFileReference section */

/* Begin PBXFrameworksBuildPhase section */
		673581A31B977E640095815A /* Frameworks */ = {
			isa = PBXFrameworksBuildPhase;
			buildActionMask = 2147483647;
			files = (
			);
			runOnlyForDeploymentPostprocessing = 0;
		};
/* End PBXFrameworksBuildPhase section */

/* Begin PBXGroup section */
		6735819D1B977E640095815A = {
			isa = PBXGroup;
			children = (
				673581A81B977E640095815A /* FetchingKittens */,
				673581A71B977E640095815A /* Products */,
			);
			sourceTree = "<group>";
		};
		673581A71B977E640095815A /* Products */ = {
			isa = PBXGroup;
			children = (
				673581A61B977E640095815A /* FetchingKittens.app */,
			);
			name = Products;
			sourceTree = "<group>";
		};
		673581A81B977E640095815A /* FetchingKittens */ = {
			isa = PBXGroup;
			children = (
				673581BD1B9796250095815A /* Model */,
				673581BE1B9796350095815A /* Views */,
				673581BF1B97963B0095815A /* Controllers */,
				673581C01B9796590095815A /* Support */,
			);
			path = FetchingKittens;
			sourceTree = "<group>";
		};
		673581BD1B9796250095815A /* Model */ = {
			isa = PBXGroup;
			children = (
				673581BB1B977EC80095815A /* Kittens.swift */,
			);
			name = Model;
			sourceTree = "<group>";
		};
		673581BE1B9796350095815A /* Views */ = {
			isa = PBXGroup;
			children = (
				679D0B671B97B694008824B8 /* KittenImageCell.swift */,
				67034EDC1B98DF5A00E41C4F /* ZoomLayout.swift */,
			);
			name = Views;
			sourceTree = "<group>";
		};
		673581BF1B97963B0095815A /* Controllers */ = {
			isa = PBXGroup;
			children = (
				673581C11B9796A70095815A /* KittensCollectionViewController.swift */,
				67034EDE1B98F11B00E41C4F /* ImageViewController.swift */,
			);
			name = Controllers;
			sourceTree = "<group>";
		};
		673581C01B9796590095815A /* Support */ = {
			isa = PBXGroup;
			children = (
				673581AD1B977E640095815A /* Main.storyboard */,
				673581A91B977E640095815A /* AppDelegate.swift */,
				673581B01B977E640095815A /* Assets.xcassets */,
				673581B21B977E640095815A /* LaunchScreen.storyboard */,
				673581B51B977E640095815A /* Info.plist */,
			);
			name = Support;
			sourceTree = "<group>";
		};
/* End PBXGroup section */

/* Begin PBXNativeTarget section */
		673581A51B977E640095815A /* FetchingKittens */ = {
			isa = PBXNativeTarget;
			buildConfigurationList = 673581B81B977E640095815A /* Build configuration list for PBXNativeTarget "FetchingKittens" */;
			buildPhases = (
				673581A21B977E640095815A /* Sources */,
				673581A31B977E640095815A /* Frameworks */,
				673581A41B977E640095815A /* Resources */,
			);
			buildRules = (
			);
			dependencies = (
			);
			name = FetchingKittens;
			productName = FetchingKittens;
			productReference = 673581A61B977E640095815A /* FetchingKittens.app */;
			productType = "com.apple.product-type.application";
		};
/* End PBXNativeTarget section */

/* Begin PBXProject section */
		6735819E1B977E640095815A /* Project object */ = {
			isa = PBXProject;
			attributes = {
				LastSwiftMigration = 0710;
				LastSwiftUpdateCheck = 0710;
				LastUpgradeCheck = 0810;
				ORGANIZATIONNAME = "Pablo Paciello";
				TargetAttributes = {
					673581A51B977E640095815A = {
						CreatedOnToolsVersion = 7.0;
						LastSwiftMigration = 0810;
					};
				};
			};
			buildConfigurationList = 673581A11B977E640095815A /* Build configuration list for PBXProject "FetchingKittens" */;
			compatibilityVersion = "Xcode 3.2";
			developmentRegion = English;
			hasScannedForEncodings = 0;
			knownRegions = (
				en,
				Base,
			);
			mainGroup = 6735819D1B977E640095815A;
			productRefGroup = 673581A71B977E640095815A /* Products */;
			projectDirPath = "";
			projectRoot = "";
			targets = (
				673581A51B977E640095815A /* FetchingKittens */,
			);
		};
/* End PBXProject section */

/* Begin PBXResourcesBuildPhase section */
		673581A41B977E640095815A /* Resources */ = {
			isa = PBXResourcesBuildPhase;
			buildActionMask = 2147483647;
			files = (
				673581B41B977E640095815A /* LaunchScreen.storyboard in Resources */,
				673581B11B977E640095815A /* Assets.xcassets in Resources */,
				673581AF1B977E640095815A /* Main.storyboard in Resources */,
			);
			runOnlyForDeploymentPostprocessing = 0;
		};
/* End PBXResourcesBuildPhase section */

/* Begin PBXSourcesBuildPhase section */
		673581A21B977E640095815A /* Sources */ = {
			isa = PBXSourcesBuildPhase;
			buildActionMask = 2147483647;
			files = (
				673581C21B9796A70095815A /* KittensCollectionViewController.swift in Sources */,
				673581BC1B977EC80095815A /* Kittens.swift in Sources */,
				679D0B681B97B694008824B8 /* KittenImageCell.swift in Sources */,
				673581AA1B977E640095815A /* AppDelegate.swift in Sources */,
				67034EDF1B98F11B00E41C4F /* ImageViewController.swift in Sources */,
				67034EDD1B98DF5A00E41C4F /* ZoomLayout.swift in Sources */,
			);
			runOnlyForDeploymentPostprocessing = 0;
		};
/* End PBXSourcesBuildPhase section */

/* Begin PBXVariantGroup section */
		673581AD1B977E640095815A /* Main.storyboard */ = {
			isa = PBXVariantGroup;
			children = (
				673581AE1B977E640095815A /* Base */,
			);
			name = Main.storyboard;
			sourceTree = "<group>";
		};
		673581B21B977E640095815A /* LaunchScreen.storyboard */ = {
			isa = PBXVariantGroup;
			children = (
				673581B31B977E640095815A /* Base */,
			);
			name = LaunchScreen.storyboard;
			sourceTree = "<group>";
		};
/* End PBXVariantGroup section */

/* Begin XCBuildConfiguration section */
		673581B61B977E640095815A /* Debug */ = {
			isa = XCBuildConfiguration;
			buildSettings = {
				ALWAYS_SEARCH_USER_PATHS = NO;
				CLANG_CXX_LANGUAGE_STANDARD = "gnu++0x";
				CLANG_CXX_LIBRARY = "libc++";
				CLANG_ENABLE_MODULES = YES;
				CLANG_ENABLE_OBJC_ARC = YES;
				CLANG_WARN_BOOL_CONVERSION = YES;
				CLANG_WARN_CONSTANT_CONVERSION = YES;
				CLANG_WARN_DIRECT_OBJC_ISA_USAGE = YES_ERROR;
				CLANG_WARN_EMPTY_BODY = YES;
				CLANG_WARN_ENUM_CONVERSION = YES;
				CLANG_WARN_INFINITE_RECURSION = YES;
				CLANG_WARN_INT_CONVERSION = YES;
				CLANG_WARN_OBJC_ROOT_CLASS = YES_ERROR;
				CLANG_WARN_SUSPICIOUS_MOVE = YES;
				CLANG_WARN_UNREACHABLE_CODE = YES;
				CLANG_WARN__DUPLICATE_METHOD_MATCH = YES;
				"CODE_SIGN_IDENTITY[sdk=iphoneos*]" = "iPhone Developer";
				COPY_PHASE_STRIP = NO;
				DEBUG_INFORMATION_FORMAT = dwarf;
				ENABLE_STRICT_OBJC_MSGSEND = YES;
				ENABLE_TESTABILITY = YES;
				GCC_C_LANGUAGE_STANDARD = gnu99;
				GCC_DYNAMIC_NO_PIC = NO;
				GCC_NO_COMMON_BLOCKS = YES;
				GCC_OPTIMIZATION_LEVEL = 0;
				GCC_PREPROCESSOR_DEFINITIONS = (
					"DEBUG=1",
					"$(inherited)",
				);
				GCC_WARN_64_TO_32_BIT_CONVERSION = YES;
				GCC_WARN_ABOUT_RETURN_TYPE = YES_ERROR;
				GCC_WARN_UNDECLARED_SELECTOR = YES;
				GCC_WARN_UNINITIALIZED_AUTOS = YES_AGGRESSIVE;
				GCC_WARN_UNUSED_FUNCTION = YES;
				GCC_WARN_UNUSED_VARIABLE = YES;
				IPHONEOS_DEPLOYMENT_TARGET = 9.0;
				MTL_ENABLE_DEBUG_INFO = YES;
				ONLY_ACTIVE_ARCH = YES;
				SDKROOT = iphoneos;
				SWIFT_OPTIMIZATION_LEVEL = "-Onone";
			};
			name = Debug;
		};
		673581B71B977E640095815A /* Release */ = {
			isa = XCBuildConfiguration;
			buildSettings = {
				ALWAYS_SEARCH_USER_PATHS = NO;
				CLANG_CXX_LANGUAGE_STANDARD = "gnu++0x";
				CLANG_CXX_LIBRARY = "libc++";
				CLANG_ENABLE_MODULES = YES;
				CLANG_ENABLE_OBJC_ARC = YES;
				CLANG_WARN_BOOL_CONVERSION = YES;
				CLANG_WARN_CONSTANT_CONVERSION = YES;
				CLANG_WARN_DIRECT_OBJC_ISA_USAGE = YES_ERROR;
				CLANG_WARN_EMPTY_BODY = YES;
				CLANG_WARN_ENUM_CONVERSION = YES;
				CLANG_WARN_INFINITE_RECURSION = YES;
				CLANG_WARN_INT_CONVERSION = YES;
				CLANG_WARN_OBJC_ROOT_CLASS = YES_ERROR;
				CLANG_WARN_SUSPICIOUS_MOVE = YES;
				CLANG_WARN_UNREACHABLE_CODE = YES;
				CLANG_WARN__DUPLICATE_METHOD_MATCH = YES;
				"CODE_SIGN_IDENTITY[sdk=iphoneos*]" = "iPhone Developer";
				COPY_PHASE_STRIP = NO;
				DEBUG_INFORMATION_FORMAT = "dwarf-with-dsym";
				ENABLE_NS_ASSERTIONS = NO;
				ENABLE_STRICT_OBJC_MSGSEND = YES;
				GCC_C_LANGUAGE_STANDARD = gnu99;
				GCC_NO_COMMON_BLOCKS = YES;
				GCC_WARN_64_TO_32_BIT_CONVERSION = YES;
				GCC_WARN_ABOUT_RETURN_TYPE = YES_ERROR;
				GCC_WARN_UNDECLARED_SELECTOR = YES;
				GCC_WARN_UNINITIALIZED_AUTOS = YES_AGGRESSIVE;
				GCC_WARN_UNUSED_FUNCTION = YES;
				GCC_WARN_UNUSED_VARIABLE = YES;
				IPHONEOS_DEPLOYMENT_TARGET = 9.0;
				MTL_ENABLE_DEBUG_INFO = NO;
				SDKROOT = iphoneos;
				SWIFT_OPTIMIZATION_LEVEL = "-Owholemodule";
				VALIDATE_PRODUCT = YES;
			};
			name = Release;
		};
		673581B91B977E640095815A /* Debug */ = {
			isa = XCBuildConfiguration;
			buildSettings = {
				ASSETCATALOG_COMPILER_APPICON_NAME = AppIcon;
				DEVELOPMENT_TEAM = "";
				INFOPLIST_FILE = FetchingKittens/Info.plist;
				LD_RUNPATH_SEARCH_PATHS = "$(inherited) @executable_path/Frameworks";
				PRODUCT_BUNDLE_IDENTIFIER = com.ppacie.FetchingKittens;
				PRODUCT_NAME = "$(TARGET_NAME)";
				SWIFT_VERSION = 3.0;
			};
			name = Debug;
		};
		673581BA1B977E640095815A /* Release */ = {
			isa = XCBuildConfiguration;
			buildSettings = {
				ASSETCATALOG_COMPILER_APPICON_NAME = AppIcon;
				DEVELOPMENT_TEAM = "";
				INFOPLIST_FILE = FetchingKittens/Info.plist;
				LD_RUNPATH_SEARCH_PATHS = "$(inherited) @executable_path/Frameworks";
				PRODUCT_BUNDLE_IDENTIFIER = com.ppacie.FetchingKittens;
				PRODUCT_NAME = "$(TARGET_NAME)";
				SWIFT_VERSION = 3.0;
			};
			name = Release;
		};
/* End XCBuildConfiguration section */

/* Begin XCConfigurationList section */
		673581A11B977E640095815A /* Build configuration list for PBXProject "FetchingKittens" */ = {
			isa = XCConfigurationList;
			buildConfigurations = (
				673581B61B977E640095815A /* Debug */,
				673581B71B977E640095815A /* Release */,
			);
			defaultConfigurationIsVisible = 0;
			defaultConfigurationName = Release;
		};
		673581B81B977E640095815A /* Build configuration list for PBXNativeTarget "FetchingKittens" */ = {
			isa = XCConfigurationList;
			buildConfigurations = (
				673581B91B977E640095815A /* Debug */,
				673581BA1B977E640095815A /* Release */,
			);
			defaultConfigurationIsVisible = 0;
			defaultConfigurationName = Release;
		};
/* End XCConfigurationList section */
	};
	rootObject = 6735819E1B977E640095815A /* Project object */;
}
